
Microsoft Visual Studio Solution File, Format Version 12.00
# Visual Studio Version 17
VisualStudioVersion = 17.9.34310.174
MinimumVisualStudioVersion = 10.0.40219.1
Project("{8BC9CEB8-8B4A-11D0-8D11-00A0C91BC942}") = "alpine", "alpine\alpine.vcxproj", "{05AA2ED6-A1ED-4733-A206-9EFBE4B56792}"
	ProjectSection(ProjectDependencies) = postProject
		{D3CE5E09-C908-496B-9A03-370C0EFE44A7} = {D3CE5E09-C908-496B-9A03-370C0EFE44A7}
		{D7F1D1CB-515B-476B-A5DB-A63B63D39ED8} = {D7F1D1CB-515B-476B-A5DB-A63B63D39ED8}
	EndProjectSection
EndProject
Project("{8BC9CEB8-8B4A-11D0-8D11-00A0C91BC942}") = "libcpp", "libcpp\libcpp.vcxproj", "{D3CE5E09-C908-496B-9A03-370C0EFE44A7}"
EndProject
Project("{8BC9CEB8-8B4A-11D0-8D11-00A0C91BC942}") = "libkernel", "libkernel\libkernel.vcxproj", "{D7F1D1CB-515B-476B-A5DB-A63B63D39ED8}"
	ProjectSection(ProjectDependencies) = postProject
		{D3CE5E09-C908-496B-9A03-370C0EFE44A7} = {D3CE5E09-C908-496B-9A03-370C0EFE44A7}
	EndProjectSection
EndProject
Project("{2150E333-8FDC-42A3-9474-1A3956D46DE8}") = "libkernel", "libkernel", "{60BA62AD-3F03-4A30-BC8B-92DC351C3756}"
EndProject
Project("{8BC9CEB8-8B4A-11D0-8D11-00A0C91BC942}") = "alpine_network_hooks", "libkernel\alpine_network_hooks\alpine_network_hooks.vcxproj", "{A6083D1A-295B-468E-A56B-273269C161C5}"
	ProjectSection(ProjectDependencies) = postProject
		{D3CE5E09-C908-496B-9A03-370C0EFE44A7} = {D3CE5E09-C908-496B-9A03-370C0EFE44A7}
	EndProjectSection
EndProject
Project("{2150E333-8FDC-42A3-9474-1A3956D46DE8}") = "libraries", "libraries", "{390D2B45-257C-448A-BE06-CB81637D357A}"
EndProject
Project("{8BC9CEB8-8B4A-11D0-8D11-00A0C91BC942}") = "libcpp", "libkernel\libraries\libcpp\libcpp.vcxproj", "{E97383B0-93EA-41C6-8E7C-A511784489E4}"
EndProject
Project("{8BC9CEB8-8B4A-11D0-8D11-00A0C91BC942}") = "libast", "libast\libast.vcxproj", "{2FD1E2C3-C853-4F3C-BC47-FA690CDB258B}"
EndProject
Global
	GlobalSection(SolutionConfigurationPlatforms) = preSolution
		Debug|ARM = Debug|ARM
		Debug|ARM64 = Debug|ARM64
		Debug|x64 = Debug|x64
		Debug|x86 = Debug|x86
		Release|ARM = Release|ARM
		Release|ARM64 = Release|ARM64
		Release|x64 = Release|x64
		Release|x86 = Release|x86
	EndGlobalSection
	GlobalSection(ProjectConfigurationPlatforms) = postSolution
		{05AA2ED6-A1ED-4733-A206-9EFBE4B56792}.Debug|ARM.ActiveCfg = Debug|x64
		{05AA2ED6-A1ED-4733-A206-9EFBE4B56792}.Debug|ARM.Build.0 = Debug|x64
		{05AA2ED6-A1ED-4733-A206-9EFBE4B56792}.Debug|ARM64.ActiveCfg = Debug|x64
		{05AA2ED6-A1ED-4733-A206-9EFBE4B56792}.Debug|ARM64.Build.0 = Debug|x64
		{05AA2ED6-A1ED-4733-A206-9EFBE4B56792}.Debug|x64.ActiveCfg = Debug|x64
		{05AA2ED6-A1ED-4733-A206-9EFBE4B56792}.Debug|x64.Build.0 = Debug|x64
		{05AA2ED6-A1ED-4733-A206-9EFBE4B56792}.Debug|x86.ActiveCfg = Debug|Win32
		{05AA2ED6-A1ED-4733-A206-9EFBE4B56792}.Debug|x86.Build.0 = Debug|Win32
		{05AA2ED6-A1ED-4733-A206-9EFBE4B56792}.Release|ARM.ActiveCfg = Release|x64
		{05AA2ED6-A1ED-4733-A206-9EFBE4B56792}.Release|ARM.Build.0 = Release|x64
		{05AA2ED6-A1ED-4733-A206-9EFBE4B56792}.Release|ARM64.ActiveCfg = Release|x64
		{05AA2ED6-A1ED-4733-A206-9EFBE4B56792}.Release|ARM64.Build.0 = Release|x64
		{05AA2ED6-A1ED-4733-A206-9EFBE4B56792}.Release|x64.ActiveCfg = Release|x64
		{05AA2ED6-A1ED-4733-A206-9EFBE4B56792}.Release|x64.Build.0 = Release|x64
		{05AA2ED6-A1ED-4733-A206-9EFBE4B56792}.Release|x86.ActiveCfg = Release|Win32
		{05AA2ED6-A1ED-4733-A206-9EFBE4B56792}.Release|x86.Build.0 = Release|Win32
		{D3CE5E09-C908-496B-9A03-370C0EFE44A7}.Debug|ARM.ActiveCfg = Debug|x64
		{D3CE5E09-C908-496B-9A03-370C0EFE44A7}.Debug|ARM.Build.0 = Debug|x64
		{D3CE5E09-C908-496B-9A03-370C0EFE44A7}.Debug|ARM64.ActiveCfg = Debug|x64
		{D3CE5E09-C908-496B-9A03-370C0EFE44A7}.Debug|ARM64.Build.0 = Debug|x64
		{D3CE5E09-C908-496B-9A03-370C0EFE44A7}.Debug|x64.ActiveCfg = Debug|x64
		{D3CE5E09-C908-496B-9A03-370C0EFE44A7}.Debug|x64.Build.0 = Debug|x64
		{D3CE5E09-C908-496B-9A03-370C0EFE44A7}.Debug|x86.ActiveCfg = Debug|Win32
		{D3CE5E09-C908-496B-9A03-370C0EFE44A7}.Debug|x86.Build.0 = Debug|Win32
		{D3CE5E09-C908-496B-9A03-370C0EFE44A7}.Release|ARM.ActiveCfg = Release|x64
		{D3CE5E09-C908-496B-9A03-370C0EFE44A7}.Release|ARM.Build.0 = Release|x64
		{D3CE5E09-C908-496B-9A03-370C0EFE44A7}.Release|ARM64.ActiveCfg = Release|x64
		{D3CE5E09-C908-496B-9A03-370C0EFE44A7}.Release|ARM64.Build.0 = Release|x64
		{D3CE5E09-C908-496B-9A03-370C0EFE44A7}.Release|x64.ActiveCfg = Release|x64
		{D3CE5E09-C908-496B-9A03-370C0EFE44A7}.Release|x64.Build.0 = Release|x64
		{D3CE5E09-C908-496B-9A03-370C0EFE44A7}.Release|x86.ActiveCfg = Release|Win32
		{D3CE5E09-C908-496B-9A03-370C0EFE44A7}.Release|x86.Build.0 = Release|Win32
		{D7F1D1CB-515B-476B-A5DB-A63B63D39ED8}.Debug|ARM.ActiveCfg = Debug|x64
		{D7F1D1CB-515B-476B-A5DB-A63B63D39ED8}.Debug|ARM.Build.0 = Debug|x64
		{D7F1D1CB-515B-476B-A5DB-A63B63D39ED8}.Debug|ARM64.ActiveCfg = Debug|x64
		{D7F1D1CB-515B-476B-A5DB-A63B63D39ED8}.Debug|ARM64.Build.0 = Debug|x64
		{D7F1D1CB-515B-476B-A5DB-A63B63D39ED8}.Debug|x64.ActiveCfg = Debug|x64
		{D7F1D1CB-515B-476B-A5DB-A63B63D39ED8}.Debug|x64.Build.0 = Debug|x64
		{D7F1D1CB-515B-476B-A5DB-A63B63D39ED8}.Debug|x86.ActiveCfg = Debug|Win32
		{D7F1D1CB-515B-476B-A5DB-A63B63D39ED8}.Debug|x86.Build.0 = Debug|Win32
		{D7F1D1CB-515B-476B-A5DB-A63B63D39ED8}.Release|ARM.ActiveCfg = Release|x64
		{D7F1D1CB-515B-476B-A5DB-A63B63D39ED8}.Release|ARM.Build.0 = Release|x64
		{D7F1D1CB-515B-476B-A5DB-A63B63D39ED8}.Release|ARM64.ActiveCfg = Release|x64
		{D7F1D1CB-515B-476B-A5DB-A63B63D39ED8}.Release|ARM64.Build.0 = Release|x64
		{D7F1D1CB-515B-476B-A5DB-A63B63D39ED8}.Release|x64.ActiveCfg = Release|x64
		{D7F1D1CB-515B-476B-A5DB-A63B63D39ED8}.Release|x64.Build.0 = Release|x64
		{D7F1D1CB-515B-476B-A5DB-A63B63D39ED8}.Release|x86.ActiveCfg = Release|Win32
		{D7F1D1CB-515B-476B-A5DB-A63B63D39ED8}.Release|x86.Build.0 = Release|Win32
		{A6083D1A-295B-468E-A56B-273269C161C5}.Debug|ARM.ActiveCfg = Debug|x64
		{A6083D1A-295B-468E-A56B-273269C161C5}.Debug|ARM.Build.0 = Debug|x64
		{A6083D1A-295B-468E-A56B-273269C161C5}.Debug|ARM.Deploy.0 = Debug|x64
		{A6083D1A-295B-468E-A56B-273269C161C5}.Debug|ARM64.ActiveCfg = Debug|ARM64
		{A6083D1A-295B-468E-A56B-273269C161C5}.Debug|ARM64.Build.0 = Debug|ARM64
		{A6083D1A-295B-468E-A56B-273269C161C5}.Debug|ARM64.Deploy.0 = Debug|ARM64
		{A6083D1A-295B-468E-A56B-273269C161C5}.Debug|x64.ActiveCfg = Debug|x64
		{A6083D1A-295B-468E-A56B-273269C161C5}.Debug|x64.Build.0 = Debug|x64
		{A6083D1A-295B-468E-A56B-273269C161C5}.Debug|x64.Deploy.0 = Debug|x64
		{A6083D1A-295B-468E-A56B-273269C161C5}.Debug|x86.ActiveCfg = Debug|x64
		{A6083D1A-295B-468E-A56B-273269C161C5}.Debug|x86.Build.0 = Debug|x64
		{A6083D1A-295B-468E-A56B-273269C161C5}.Debug|x86.Deploy.0 = Debug|x64
		{A6083D1A-295B-468E-A56B-273269C161C5}.Release|ARM.ActiveCfg = Release|x64
		{A6083D1A-295B-468E-A56B-273269C161C5}.Release|ARM.Build.0 = Release|x64
		{A6083D1A-295B-468E-A56B-273269C161C5}.Release|ARM.Deploy.0 = Release|x64
		{A6083D1A-295B-468E-A56B-273269C161C5}.Release|ARM64.ActiveCfg = Release|ARM64
		{A6083D1A-295B-468E-A56B-273269C161C5}.Release|ARM64.Build.0 = Release|ARM64
		{A6083D1A-295B-468E-A56B-273269C161C5}.Release|ARM64.Deploy.0 = Release|ARM64
		{A6083D1A-295B-468E-A56B-273269C161C5}.Release|x64.ActiveCfg = Release|x64
		{A6083D1A-295B-468E-A56B-273269C161C5}.Release|x64.Build.0 = Release|x64
		{A6083D1A-295B-468E-A56B-273269C161C5}.Release|x64.Deploy.0 = Release|x64
		{A6083D1A-295B-468E-A56B-273269C161C5}.Release|x86.ActiveCfg = Release|x64
		{A6083D1A-295B-468E-A56B-273269C161C5}.Release|x86.Build.0 = Release|x64
		{A6083D1A-295B-468E-A56B-273269C161C5}.Release|x86.Deploy.0 = Release|x64
		{E97383B0-93EA-41C6-8E7C-A511784489E4}.Debug|ARM.ActiveCfg = Debug|ARM
		{E97383B0-93EA-41C6-8E7C-A511784489E4}.Debug|ARM.Build.0 = Debug|ARM
		{E97383B0-93EA-41C6-8E7C-A511784489E4}.Debug|ARM.Deploy.0 = Debug|ARM
		{E97383B0-93EA-41C6-8E7C-A511784489E4}.Debug|ARM64.ActiveCfg = Debug|ARM64
		{E97383B0-93EA-41C6-8E7C-A511784489E4}.Debug|ARM64.Build.0 = Debug|ARM64
		{E97383B0-93EA-41C6-8E7C-A511784489E4}.Debug|ARM64.Deploy.0 = Debug|ARM64
		{E97383B0-93EA-41C6-8E7C-A511784489E4}.Debug|x64.ActiveCfg = Debug|x64
		{E97383B0-93EA-41C6-8E7C-A511784489E4}.Debug|x64.Build.0 = Debug|x64
		{E97383B0-93EA-41C6-8E7C-A511784489E4}.Debug|x64.Deploy.0 = Debug|x64
		{E97383B0-93EA-41C6-8E7C-A511784489E4}.Debug|x86.ActiveCfg = Debug|Win32
		{E97383B0-93EA-41C6-8E7C-A511784489E4}.Debug|x86.Build.0 = Debug|Win32
		{E97383B0-93EA-41C6-8E7C-A511784489E4}.Debug|x86.Deploy.0 = Debug|Win32
		{E97383B0-93EA-41C6-8E7C-A511784489E4}.Release|ARM.ActiveCfg = Release|ARM
		{E97383B0-93EA-41C6-8E7C-A511784489E4}.Release|ARM.Build.0 = Release|ARM
		{E97383B0-93EA-41C6-8E7C-A511784489E4}.Release|ARM.Deploy.0 = Release|ARM
		{E97383B0-93EA-41C6-8E7C-A511784489E4}.Release|ARM64.ActiveCfg = Release|ARM64
		{E97383B0-93EA-41C6-8E7C-A511784489E4}.Release|ARM64.Build.0 = Release|ARM64
		{E97383B0-93EA-41C6-8E7C-A511784489E4}.Release|ARM64.Deploy.0 = Release|ARM64
		{E97383B0-93EA-41C6-8E7C-A511784489E4}.Release|x64.ActiveCfg = Release|x64
		{E97383B0-93EA-41C6-8E7C-A511784489E4}.Release|x64.Build.0 = Release|x64
		{E97383B0-93EA-41C6-8E7C-A511784489E4}.Release|x64.Deploy.0 = Release|x64
		{E97383B0-93EA-41C6-8E7C-A511784489E4}.Release|x86.ActiveCfg = Release|Win32
		{E97383B0-93EA-41C6-8E7C-A511784489E4}.Release|x86.Build.0 = Release|Win32
		{E97383B0-93EA-41C6-8E7C-A511784489E4}.Release|x86.Deploy.0 = Release|Win32
		{2FD1E2C3-C853-4F3C-BC47-FA690CDB258B}.Debug|ARM.ActiveCfg = Debug|x64
		{2FD1E2C3-C853-4F3C-BC47-FA690CDB258B}.Debug|ARM.Build.0 = Debug|x64
		{2FD1E2C3-C853-4F3C-BC47-FA690CDB258B}.Debug|ARM64.ActiveCfg = Debug|x64
		{2FD1E2C3-C853-4F3C-BC47-FA690CDB258B}.Debug|ARM64.Build.0 = Debug|x64
		{2FD1E2C3-C853-4F3C-BC47-FA690CDB258B}.Debug|x64.ActiveCfg = Debug|x64
		{2FD1E2C3-C853-4F3C-BC47-FA690CDB258B}.Debug|x64.Build.0 = Debug|x64
		{2FD1E2C3-C853-4F3C-BC47-FA690CDB258B}.Debug|x86.ActiveCfg = Debug|Win32
		{2FD1E2C3-C853-4F3C-BC47-FA690CDB258B}.Debug|x86.Build.0 = Debug|Win32
		{2FD1E2C3-C853-4F3C-BC47-FA690CDB258B}.Release|ARM.ActiveCfg = Release|x64
		{2FD1E2C3-C853-4F3C-BC47-FA690CDB258B}.Release|ARM.Build.0 = Release|x64
		{2FD1E2C3-C853-4F3C-BC47-FA690CDB258B}.Release|ARM64.ActiveCfg = Release|x64
		{2FD1E2C3-C853-4F3C-BC47-FA690CDB258B}.Release|ARM64.Build.0 = Release|x64
		{2FD1E2C3-C853-4F3C-BC47-FA690CDB258B}.Release|x64.ActiveCfg = Release|x64
		{2FD1E2C3-C853-4F3C-BC47-FA690CDB258B}.Release|x64.Build.0 = Release|x64
		{2FD1E2C3-C853-4F3C-BC47-FA690CDB258B}.Release|x86.ActiveCfg = Release|Win32
		{2FD1E2C3-C853-4F3C-BC47-FA690CDB258B}.Release|x86.Build.0 = Release|Win32
	EndGlobalSection
	GlobalSection(SolutionProperties) = preSolution
		HideSolutionNode = FALSE
	EndGlobalSection
	GlobalSection(NestedProjects) = preSolution
		{D7F1D1CB-515B-476B-A5DB-A63B63D39ED8} = {60BA62AD-3F03-4A30-BC8B-92DC351C3756}
		{A6083D1A-295B-468E-A56B-273269C161C5} = {60BA62AD-3F03-4A30-BC8B-92DC351C3756}
		{390D2B45-257C-448A-BE06-CB81637D357A} = {60BA62AD-3F03-4A30-BC8B-92DC351C3756}
		{E97383B0-93EA-41C6-8E7C-A511784489E4} = {390D2B45-257C-448A-BE06-CB81637D357A}
	EndGlobalSection
	GlobalSection(ExtensibilityGlobals) = postSolution
		SolutionGuid = {B2D33D2C-55A1-4E1F-B839-46CAB715C30E}
	EndGlobalSection
EndGlobal
